
Microsoft Visual Studio Solution File, Format Version 12.00
# Visual Studio Version 16
VisualStudioVersion = 16.0.28717.21
MinimumVisualStudioVersion = 15.0.26124.0
Project("{2150E333-8FDC-42A3-9474-1A3956D46DE8}") = "src", "src", "{DFC04D51-FC26-4262-A967-CCB364BC16EC}"
EndProject
Project("{9A19103F-16F7-4668-BE54-9A1E7A4F7556}") = "HubSync", "src\HubSync\HubSync.csproj", "{1B0EBF52-EA9C-4F65-AFBA-386EFBEC383D}"
EndProject
Project("{2150E333-8FDC-42A3-9474-1A3956D46DE8}") = "Solution Items", "Solution Items", "{5DE85F45-33E2-4FA2-9D19-C6CB70431FA7}"
	ProjectSection(SolutionItems) = preProject
		Directory.Build.props = Directory.Build.props
		global.json = global.json
		nuget.config = nuget.config
	EndProjectSection
EndProject
Project("{9A19103F-16F7-4668-BE54-9A1E7A4F7556}") = "VibrantCode.HubQ", "src\VibrantCode.HubQ\VibrantCode.HubQ.csproj", "{7DB44157-EB52-48FF-861A-DADB3E8C86F1}"
EndProject
Project("{FAE04EC0-301F-11D3-BF4B-00C04F79EFBC}") = "VibrantCode.HubQ.Web", "src\VibrantCode.HubQ.Web\VibrantCode.HubQ.Web.csproj", "{91AAF1D9-8CA4-4CE7-BD69-984CCF2A6678}"
EndProject
Global
	GlobalSection(SolutionConfigurationPlatforms) = preSolution
		Debug|Any CPU = Debug|Any CPU
		Debug|x64 = Debug|x64
		Debug|x86 = Debug|x86
		Release|Any CPU = Release|Any CPU
		Release|x64 = Release|x64
		Release|x86 = Release|x86
	EndGlobalSection
	GlobalSection(ProjectConfigurationPlatforms) = postSolution
		{1B0EBF52-EA9C-4F65-AFBA-386EFBEC383D}.Debug|Any CPU.ActiveCfg = Debug|Any CPU
		{1B0EBF52-EA9C-4F65-AFBA-386EFBEC383D}.Debug|Any CPU.Build.0 = Debug|Any CPU
		{1B0EBF52-EA9C-4F65-AFBA-386EFBEC383D}.Debug|x64.ActiveCfg = Debug|Any CPU
		{1B0EBF52-EA9C-4F65-AFBA-386EFBEC383D}.Debug|x64.Build.0 = Debug|Any CPU
		{1B0EBF52-EA9C-4F65-AFBA-386EFBEC383D}.Debug|x86.ActiveCfg = Debug|Any CPU
		{1B0EBF52-EA9C-4F65-AFBA-386EFBEC383D}.Debug|x86.Build.0 = Debug|Any CPU
		{1B0EBF52-EA9C-4F65-AFBA-386EFBEC383D}.Release|Any CPU.ActiveCfg = Release|Any CPU
		{1B0EBF52-EA9C-4F65-AFBA-386EFBEC383D}.Release|Any CPU.Build.0 = Release|Any CPU
		{1B0EBF52-EA9C-4F65-AFBA-386EFBEC383D}.Release|x64.ActiveCfg = Release|Any CPU
		{1B0EBF52-EA9C-4F65-AFBA-386EFBEC383D}.Release|x64.Build.0 = Release|Any CPU
		{1B0EBF52-EA9C-4F65-AFBA-386EFBEC383D}.Release|x86.ActiveCfg = Release|Any CPU
		{1B0EBF52-EA9C-4F65-AFBA-386EFBEC383D}.Release|x86.Build.0 = Release|Any CPU
		{7DB44157-EB52-48FF-861A-DADB3E8C86F1}.Debug|Any CPU.ActiveCfg = Debug|Any CPU
		{7DB44157-EB52-48FF-861A-DADB3E8C86F1}.Debug|Any CPU.Build.0 = Debug|Any CPU
		{7DB44157-EB52-48FF-861A-DADB3E8C86F1}.Debug|x64.ActiveCfg = Debug|Any CPU
		{7DB44157-EB52-48FF-861A-DADB3E8C86F1}.Debug|x64.Build.0 = Debug|Any CPU
		{7DB44157-EB52-48FF-861A-DADB3E8C86F1}.Debug|x86.ActiveCfg = Debug|Any CPU
		{7DB44157-EB52-48FF-861A-DADB3E8C86F1}.Debug|x86.Build.0 = Debug|Any CPU
		{7DB44157-EB52-48FF-861A-DADB3E8C86F1}.Release|Any CPU.ActiveCfg = Release|Any CPU
		{7DB44157-EB52-48FF-861A-DADB3E8C86F1}.Release|Any CPU.Build.0 = Release|Any CPU
		{7DB44157-EB52-48FF-861A-DADB3E8C86F1}.Release|x64.ActiveCfg = Release|Any CPU
		{7DB44157-EB52-48FF-861A-DADB3E8C86F1}.Release|x64.Build.0 = Release|Any CPU
		{7DB44157-EB52-48FF-861A-DADB3E8C86F1}.Release|x86.ActiveCfg = Release|Any CPU
		{7DB44157-EB52-48FF-861A-DADB3E8C86F1}.Release|x86.Build.0 = Release|Any CPU
		{91AAF1D9-8CA4-4CE7-BD69-984CCF2A6678}.Debug|Any CPU.ActiveCfg = Debug|Any CPU
		{91AAF1D9-8CA4-4CE7-BD69-984CCF2A6678}.Debug|Any CPU.Build.0 = Debug|Any CPU
		{91AAF1D9-8CA4-4CE7-BD69-984CCF2A6678}.Debug|x64.ActiveCfg = Debug|Any CPU
		{91AAF1D9-8CA4-4CE7-BD69-984CCF2A6678}.Debug|x64.Build.0 = Debug|Any CPU
		{91AAF1D9-8CA4-4CE7-BD69-984CCF2A6678}.Debug|x86.ActiveCfg = Debug|Any CPU
		{91AAF1D9-8CA4-4CE7-BD69-984CCF2A6678}.Debug|x86.Build.0 = Debug|Any CPU
		{91AAF1D9-8CA4-4CE7-BD69-984CCF2A6678}.Release|Any CPU.ActiveCfg = Release|Any CPU
		{91AAF1D9-8CA4-4CE7-BD69-984CCF2A6678}.Release|Any CPU.Build.0 = Release|Any CPU
		{91AAF1D9-8CA4-4CE7-BD69-984CCF2A6678}.Release|x64.ActiveCfg = Release|Any CPU
		{91AAF1D9-8CA4-4CE7-BD69-984CCF2A6678}.Release|x64.Build.0 = Release|Any CPU
		{91AAF1D9-8CA4-4CE7-BD69-984CCF2A6678}.Release|x86.ActiveCfg = Release|Any CPU
		{91AAF1D9-8CA4-4CE7-BD69-984CCF2A6678}.Release|x86.Build.0 = Release|Any CPU
	EndGlobalSection
	GlobalSection(SolutionProperties) = preSolution
		HideSolutionNode = FALSE
	EndGlobalSection
	GlobalSection(NestedProjects) = preSolution
		{1B0EBF52-EA9C-4F65-AFBA-386EFBEC383D} = {DFC04D51-FC26-4262-A967-CCB364BC16EC}
		{7DB44157-EB52-48FF-861A-DADB3E8C86F1} = {DFC04D51-FC26-4262-A967-CCB364BC16EC}
		{91AAF1D9-8CA4-4CE7-BD69-984CCF2A6678} = {DFC04D51-FC26-4262-A967-CCB364BC16EC}
	EndGlobalSection
	GlobalSection(ExtensibilityGlobals) = postSolution
		SolutionGuid = {F88472FD-63E6-402E-B8A0-8A48857F219E}
	EndGlobalSection
EndGlobal
